
Microsoft Visual Studio Solution File, Format Version 12.00
# Visual Studio Version 16
VisualStudioVersion = 16.0.32428.217
MinimumVisualStudioVersion = 10.0.40219.1
Project("{FAE04EC0-301F-11D3-BF4B-00C04F79EFBC}") = "ConsoleApp17", "ConsoleApp17\ConsoleApp17.csproj", "{0A939F72-CBB5-4C94-82E8-EC485BEE4F16}"
EndProject
Global
	GlobalSection(SolutionConfigurationPlatforms) = preSolution
		Debug|Any CPU = Debug|Any CPU
		Release|Any CPU = Release|Any CPU
	EndGlobalSection
	GlobalSection(ProjectConfigurationPlatforms) = postSolution
		{0A939F72-CBB5-4C94-82E8-EC485BEE4F16}.Debug|Any CPU.ActiveCfg = Debug|Any CPU
		{0A939F72-CBB5-4C94-82E8-EC485BEE4F16}.Debug|Any CPU.Build.0 = Debug|Any CPU
		{0A939F72-CBB5-4C94-82E8-EC485BEE4F16}.Release|Any CPU.ActiveCfg = Release|Any CPU
		{0A939F72-CBB5-4C94-82E8-EC485BEE4F16}.Release|Any CPU.Build.0 = Release|Any CPU
	EndGlobalSection
	GlobalSection(SolutionProperties) = preSolution
		HideSolutionNode = FALSE
	EndGlobalSection
	GlobalSection(ExtensibilityGlobals) = postSolution
		SolutionGuid = {03C8631C-C5EF-44B6-87E2-6A7960312150}
	EndGlobalSection
EndGlobal
