
Microsoft Visual Studio Solution File, Format Version 12.00
# Visual Studio Version 16
VisualStudioVersion = 16.0.33529.622
MinimumVisualStudioVersion = 10.0.40219.1
Project("{FAE04EC0-301F-11D3-BF4B-00C04F79EFBC}") = "ConsoleApp22", "ConsoleApp22\ConsoleApp22.csproj", "{1E71416F-489D-4579-AAA0-44C87AA373D4}"
EndProject
Global
	GlobalSection(SolutionConfigurationPlatforms) = preSolution
		Debug|Any CPU = Debug|Any CPU
		Release|Any CPU = Release|Any CPU
	EndGlobalSection
	GlobalSection(ProjectConfigurationPlatforms) = postSolution
		{1E71416F-489D-4579-AAA0-44C87AA373D4}.Debug|Any CPU.ActiveCfg = Debug|Any CPU
		{1E71416F-489D-4579-AAA0-44C87AA373D4}.Debug|Any CPU.Build.0 = Debug|Any CPU
		{1E71416F-489D-4579-AAA0-44C87AA373D4}.Release|Any CPU.ActiveCfg = Release|Any CPU
		{1E71416F-489D-4579-AAA0-44C87AA373D4}.Release|Any CPU.Build.0 = Release|Any CPU
	EndGlobalSection
	GlobalSection(SolutionProperties) = preSolution
		HideSolutionNode = FALSE
	EndGlobalSection
	GlobalSection(ExtensibilityGlobals) = postSolution
		SolutionGuid = {D28C9093-A209-4D70-94FF-44DC89153840}
	EndGlobalSection
EndGlobal
