
Microsoft Visual Studio Solution File, Format Version 12.00
# Visual Studio Version 16
VisualStudioVersion = 16.0.33529.622
MinimumVisualStudioVersion = 10.0.40219.1
Project("{FAE04EC0-301F-11D3-BF4B-00C04F79EFBC}") = "ConsoleApp18", "ConsoleApp18\ConsoleApp18.csproj", "{FFE746E5-C043-4D39-97DE-15E1CCAB1FB1}"
EndProject
Global
	GlobalSection(SolutionConfigurationPlatforms) = preSolution
		Debug|Any CPU = Debug|Any CPU
		Release|Any CPU = Release|Any CPU
	EndGlobalSection
	GlobalSection(ProjectConfigurationPlatforms) = postSolution
		{FFE746E5-C043-4D39-97DE-15E1CCAB1FB1}.Debug|Any CPU.ActiveCfg = Debug|Any CPU
		{FFE746E5-C043-4D39-97DE-15E1CCAB1FB1}.Debug|Any CPU.Build.0 = Debug|Any CPU
		{FFE746E5-C043-4D39-97DE-15E1CCAB1FB1}.Release|Any CPU.ActiveCfg = Release|Any CPU
		{FFE746E5-C043-4D39-97DE-15E1CCAB1FB1}.Release|Any CPU.Build.0 = Release|Any CPU
	EndGlobalSection
	GlobalSection(SolutionProperties) = preSolution
		HideSolutionNode = FALSE
	EndGlobalSection
	GlobalSection(ExtensibilityGlobals) = postSolution
		SolutionGuid = {70A1377C-A0CE-4267-AFF0-A8BB732D4DFE}
	EndGlobalSection
EndGlobal
