
Microsoft Visual Studio Solution File, Format Version 12.00
# Visual Studio Version 17
VisualStudioVersion = 17.7.34031.279
MinimumVisualStudioVersion = 10.0.40219.1
Project("{FAE04EC0-301F-11D3-BF4B-00C04F79EFBC}") = "Repaso", "Repaso\Repaso.csproj", "{AB6285B8-349A-4E65-BA6E-4E88576228DE}"
EndProject
Global
	GlobalSection(SolutionConfigurationPlatforms) = preSolution
		Debug|Any CPU = Debug|Any CPU
		Release|Any CPU = Release|Any CPU
	EndGlobalSection
	GlobalSection(ProjectConfigurationPlatforms) = postSolution
		{AB6285B8-349A-4E65-BA6E-4E88576228DE}.Debug|Any CPU.ActiveCfg = Debug|Any CPU
		{AB6285B8-349A-4E65-BA6E-4E88576228DE}.Debug|Any CPU.Build.0 = Debug|Any CPU
		{AB6285B8-349A-4E65-BA6E-4E88576228DE}.Release|Any CPU.ActiveCfg = Release|Any CPU
		{AB6285B8-349A-4E65-BA6E-4E88576228DE}.Release|Any CPU.Build.0 = Release|Any CPU
	EndGlobalSection
	GlobalSection(SolutionProperties) = preSolution
		HideSolutionNode = FALSE
	EndGlobalSection
	GlobalSection(ExtensibilityGlobals) = postSolution
		SolutionGuid = {39525B48-09F0-40A2-9833-F71D49E20571}
	EndGlobalSection
EndGlobal
