
Microsoft Visual Studio Solution File, Format Version 12.00
# Visual Studio Version 16
VisualStudioVersion = 16.0.32428.217
MinimumVisualStudioVersion = 10.0.40219.1
Project("{FAE04EC0-301F-11D3-BF4B-00C04F79EFBC}") = "ConsoleApp13", "ConsoleApp13\ConsoleApp13.csproj", "{79505EB5-AF7D-4671-B78B-E277D2AD881D}"
EndProject
Global
	GlobalSection(SolutionConfigurationPlatforms) = preSolution
		Debug|Any CPU = Debug|Any CPU
		Release|Any CPU = Release|Any CPU
	EndGlobalSection
	GlobalSection(ProjectConfigurationPlatforms) = postSolution
		{79505EB5-AF7D-4671-B78B-E277D2AD881D}.Debug|Any CPU.ActiveCfg = Debug|Any CPU
		{79505EB5-AF7D-4671-B78B-E277D2AD881D}.Debug|Any CPU.Build.0 = Debug|Any CPU
		{79505EB5-AF7D-4671-B78B-E277D2AD881D}.Release|Any CPU.ActiveCfg = Release|Any CPU
		{79505EB5-AF7D-4671-B78B-E277D2AD881D}.Release|Any CPU.Build.0 = Release|Any CPU
	EndGlobalSection
	GlobalSection(SolutionProperties) = preSolution
		HideSolutionNode = FALSE
	EndGlobalSection
	GlobalSection(ExtensibilityGlobals) = postSolution
		SolutionGuid = {F20B972D-17FD-48D9-A589-A7898C56DA1B}
	EndGlobalSection
EndGlobal
