
Microsoft Visual Studio Solution File, Format Version 12.00
# Visual Studio Version 16
VisualStudioVersion = 16.0.32428.217
MinimumVisualStudioVersion = 10.0.40219.1
Project("{FAE04EC0-301F-11D3-BF4B-00C04F79EFBC}") = "Practica Arrelgos 7", "Practica Arrelgos 7\Practica Arrelgos 7.csproj", "{1C28F7BC-04A7-4BCF-B217-85993A70E3F9}"
EndProject
Global
	GlobalSection(SolutionConfigurationPlatforms) = preSolution
		Debug|Any CPU = Debug|Any CPU
		Release|Any CPU = Release|Any CPU
	EndGlobalSection
	GlobalSection(ProjectConfigurationPlatforms) = postSolution
		{1C28F7BC-04A7-4BCF-B217-85993A70E3F9}.Debug|Any CPU.ActiveCfg = Debug|Any CPU
		{1C28F7BC-04A7-4BCF-B217-85993A70E3F9}.Debug|Any CPU.Build.0 = Debug|Any CPU
		{1C28F7BC-04A7-4BCF-B217-85993A70E3F9}.Release|Any CPU.ActiveCfg = Release|Any CPU
		{1C28F7BC-04A7-4BCF-B217-85993A70E3F9}.Release|Any CPU.Build.0 = Release|Any CPU
	EndGlobalSection
	GlobalSection(SolutionProperties) = preSolution
		HideSolutionNode = FALSE
	EndGlobalSection
	GlobalSection(ExtensibilityGlobals) = postSolution
		SolutionGuid = {F0CB7CCA-7A46-42C9-9F43-7CD28F40A007}
	EndGlobalSection
EndGlobal
